// !$*UTF8*$!
{
	archiveVersion = 1;
	classes = {
	};
	objectVersion = 77;
	objects = {

/* Begin PBXBuildFile section */
		72D6676F2E69DB2A00BA52FD /* README.md in Resources */ = {isa = PBXBuildFile; fileRef = 72D6676E2E69DB2A00BA52FD /* README.md */; };
/* End PBXBuildFile section */

/* Begin PBXContainerItemProxy section */
		7203755D2E5ED7FD0001D935 /* PBXContainerItemProxy */ = {
			isa = PBXContainerItemProxy;
			containerPortal = 720375472E5ED7FC0001D935 /* Project object */;
			proxyType = 1;
			remoteGlobalIDString = 7203754E2E5ED7FC0001D935;
			remoteInfo = MealKit;
		};
		720375672E5ED7FD0001D935 /* PBXContainerItemProxy */ = {
			isa = PBXContainerItemProxy;
			containerPortal = 720375472E5ED7FC0001D935 /* Project object */;
			proxyType = 1;
			remoteGlobalIDString = 7203754E2E5ED7FC0001D935;
			remoteInfo = MealKit;
		};
/* End PBXContainerItemProxy section */

/* Begin PBXFileReference section */
		7203754F2E5ED7FC0001D935 /* MealKit.app */ = {isa = PBXFileReference; explicitFileType = wrapper.application; includeInIndex = 0; path = MealKit.app; sourceTree = BUILT_PRODUCTS_DIR; };
		7203755C2E5ED7FD0001D935 /* MealKitTests.xctest */ = {isa = PBXFileReference; explicitFileType = wrapper.cfbundle; includeInIndex = 0; path = MealKitTests.xctest; sourceTree = BUILT_PRODUCTS_DIR; };
		720375662E5ED7FD0001D935 /* MealKitUITests.xctest */ = {isa = PBXFileReference; explicitFileType = wrapper.cfbundle; includeInIndex = 0; path = MealKitUITests.xctest; sourceTree = BUILT_PRODUCTS_DIR; };
		72D6676E2E69DB2A00BA52FD /* README.md */ = {isa = PBXFileReference; lastKnownFileType = net.daringfireball.markdown; path = README.md; sourceTree = "<group>"; };
/* End PBXFileReference section */

/* Begin PBXFileSystemSynchronizedRootGroup section */
		720375512E5ED7FC0001D935 /* MealKit */ = {
			isa = PBXFileSystemSynchronizedRootGroup;
			path = MealKit;
			sourceTree = "<group>";
		};
		7203755F2E5ED7FD0001D935 /* MealKitTests */ = {
			isa = PBXFileSystemSynchronizedRootGroup;
			path = MealKitTests;
			sourceTree = "<group>";
		};
		720375692E5ED7FD0001D935 /* MealKitUITests */ = {
			isa = PBXFileSystemSynchronizedRootGroup;
			path = MealKitUITests;
			sourceTree = "<group>";
		};
/* End PBXFileSystemSynchronizedRootGroup section */

/* Begin PBXFrameworksBuildPhase section */
		7203754C2E5ED7FC0001D935 /* Frameworks */ = {
			isa = PBXFrameworksBuildPhase;
			buildActionMask = 2147483647;
			files = (
			);
			runOnlyForDeploymentPostprocessing = 0;
		};
		720375592E5ED7FD0001D935 /* Frameworks */ = {
			isa = PBXFrameworksBuildPhase;
			buildActionMask = 2147483647;
			files = (
			);
			runOnlyForDeploymentPostprocessing = 0;
		};
		720375632E5ED7FD0001D935 /* Frameworks */ = {
			isa = PBXFrameworksBuildPhase;
			buildActionMask = 2147483647;
			files = (
			);
			runOnlyForDeploymentPostprocessing = 0;
		};
/* End PBXFrameworksBuildPhase section */

/* Begin PBXGroup section */
		720375462E5ED7FC0001D935 = {
			isa = PBXGroup;
			children = (
				720375512E5ED7FC0001D935 /* MealKit */,
				7203755F2E5ED7FD0001D935 /* MealKitTests */,
				720375692E5ED7FD0001D935 /* MealKitUITests */,
				720375502E5ED7FC0001D935 /* Products */,
				72D6676E2E69DB2A00BA52FD /* README.md */,
			);
			sourceTree = "<group>";
		};
		720375502E5ED7FC0001D935 /* Products */ = {
			isa = PBXGroup;
			children = (
				7203754F2E5ED7FC0001D935 /* MealKit.app */,
				7203755C2E5ED7FD0001D935 /* MealKitTests.xctest */,
				720375662E5ED7FD0001D935 /* MealKitUITests.xctest */,
			);
			name = Products;
			sourceTree = "<group>";
		};
/* End PBXGroup section */

/* Begin PBXNativeTarget section */
		7203754E2E5ED7FC0001D935 /* MealKit */ = {
			isa = PBXNativeTarget;
			buildConfigurationList = 720375702E5ED7FD0001D935 /* Build configuration list for PBXNativeTarget "MealKit" */;
			buildPhases = (
				7203754B2E5ED7FC0001D935 /* Sources */,
				7203754C2E5ED7FC0001D935 /* Frameworks */,
				7203754D2E5ED7FC0001D935 /* Resources */,
			);
			buildRules = (
			);
			dependencies = (
			);
			fileSystemSynchronizedGroups = (
				720375512E5ED7FC0001D935 /* MealKit */,
			);
			name = MealKit;
			packageProductDependencies = (
			);
			productName = MealKit;
			productReference = 7203754F2E5ED7FC0001D935 /* MealKit.app */;
			productType = "com.apple.product-type.application";
		};
		7203755B2E5ED7FD0001D935 /* MealKitTests */ = {
			isa = PBXNativeTarget;
			buildConfigurationList = 720375732E5ED7FD0001D935 /* Build configuration list for PBXNativeTarget "MealKitTests" */;
			buildPhases = (
				720375582E5ED7FD0001D935 /* Sources */,
				720375592E5ED7FD0001D935 /* Frameworks */,
				7203755A2E5ED7FD0001D935 /* Resources */,
			);
			buildRules = (
			);
			dependencies = (
				7203755E2E5ED7FD0001D935 /* PBXTargetDependency */,
			);
			fileSystemSynchronizedGroups = (
				7203755F2E5ED7FD0001D935 /* MealKitTests */,
			);
			name = MealKitTests;
			packageProductDependencies = (
			);
			productName = MealKitTests;
			productReference = 7203755C2E5ED7FD0001D935 /* MealKitTests.xctest */;
			productType = "com.apple.product-type.bundle.unit-test";
		};
		720375652E5ED7FD0001D935 /* MealKitUITests */ = {
			isa = PBXNativeTarget;
			buildConfigurationList = 720375762E5ED7FD0001D935 /* Build configuration list for PBXNativeTarget "MealKitUITests" */;
			buildPhases = (
				720375622E5ED7FD0001D935 /* Sources */,
				720375632E5ED7FD0001D935 /* Frameworks */,
				720375642E5ED7FD0001D935 /* Resources */,
			);
			buildRules = (
			);
			dependencies = (
				720375682E5ED7FD0001D935 /* PBXTargetDependency */,
			);
			fileSystemSynchronizedGroups = (
				720375692E5ED7FD0001D935 /* MealKitUITests */,
			);
			name = MealKitUITests;
			packageProductDependencies = (
			);
			productName = MealKitUITests;
			productReference = 720375662E5ED7FD0001D935 /* MealKitUITests.xctest */;
			productType = "com.apple.product-type.bundle.ui-testing";
		};
/* End PBXNativeTarget section */

/* Begin PBXProject section */
		720375472E5ED7FC0001D935 /* Project object */ = {
			isa = PBXProject;
			attributes = {
				BuildIndependentTargetsInParallel = 1;
				LastSwiftUpdateCheck = 1640;
				LastUpgradeCheck = 1640;
				TargetAttributes = {
					7203754E2E5ED7FC0001D935 = {
						CreatedOnToolsVersion = 16.4;
					};
					7203755B2E5ED7FD0001D935 = {
						CreatedOnToolsVersion = 16.4;
						TestTargetID = 7203754E2E5ED7FC0001D935;
					};
					720375652E5ED7FD0001D935 = {
						CreatedOnToolsVersion = 16.4;
						TestTargetID = 7203754E2E5ED7FC0001D935;
					};
				};
			};
			buildConfigurationList = 7203754A2E5ED7FC0001D935 /* Build configuration list for PBXProject "MealKit" */;
			developmentRegion = en;
			hasScannedForEncodings = 0;
			knownRegions = (
				en,
				Base,
			);
			mainGroup = 720375462E5ED7FC0001D935;
			minimizedProjectReferenceProxies = 1;
			preferredProjectObjectVersion = 77;
			productRefGroup = 720375502E5ED7FC0001D935 /* Products */;
			projectDirPath = "";
			projectRoot = "";
			targets = (
				7203754E2E5ED7FC0001D935 /* MealKit */,
				7203755B2E5ED7FD0001D935 /* MealKitTests */,
				720375652E5ED7FD0001D935 /* MealKitUITests */,
			);
		};
/* End PBXProject section */

/* Begin PBXResourcesBuildPhase section */
		7203754D2E5ED7FC0001D935 /* Resources */ = {
			isa = PBXResourcesBuildPhase;
			buildActionMask = 2147483647;
			files = (
				72D6676F2E69DB2A00BA52FD /* README.md in Resources */,
			);
			runOnlyForDeploymentPostprocessing = 0;
		};
		7203755A2E5ED7FD0001D935 /* Resources */ = {
			isa = PBXResourcesBuildPhase;
			buildActionMask = 2147483647;
			files = (
			);
			runOnlyForDeploymentPostprocessing = 0;
		};
		720375642E5ED7FD0001D935 /* Resources */ = {
			isa = PBXResourcesBuildPhase;
			buildActionMask = 2147483647;
			files = (
			);
			runOnlyForDeploymentPostprocessing = 0;
		};
/* End PBXResourcesBuildPhase section */

/* Begin PBXSourcesBuildPhase section */
		7203754B2E5ED7FC0001D935 /* Sources */ = {
			isa = PBXSourcesBuildPhase;
			buildActionMask = 2147483647;
			files = (
			);
			runOnlyForDeploymentPostprocessing = 0;
		};
		720375582E5ED7FD0001D935 /* Sources */ = {
			isa = PBXSourcesBuildPhase;
			buildActionMask = 2147483647;
			files = (
			);
			runOnlyForDeploymentPostprocessing = 0;
		};
		720375622E5ED7FD0001D935 /* Sources */ = {
			isa = PBXSourcesBuildPhase;
			buildActionMask = 2147483647;
			files = (
			);
			runOnlyForDeploymentPostprocessing = 0;
		};
/* End PBXSourcesBuildPhase section */

/* Begin PBXTargetDependency section */
		7203755E2E5ED7FD0001D935 /* PBXTargetDependency */ = {
			isa = PBXTargetDependency;
			target = 7203754E2E5ED7FC0001D935 /* MealKit */;
			targetProxy = 7203755D2E5ED7FD0001D935 /* PBXContainerItemProxy */;
		};
		720375682E5ED7FD0001D935 /* PBXTargetDependency */ = {
			isa = PBXTargetDependency;
			target = 7203754E2E5ED7FC0001D935 /* MealKit */;
			targetProxy = 720375672E5ED7FD0001D935 /* PBXContainerItemProxy */;
		};
/* End PBXTargetDependency section */

/* Begin XCBuildConfiguration section */
		7203756E2E5ED7FD0001D935 /* Debug */ = {
			isa = XCBuildConfiguration;
			buildSettings = {
				ALWAYS_SEARCH_USER_PATHS = NO;
				ASSETCATALOG_COMPILER_GENERATE_SWIFT_ASSET_SYMBOL_EXTENSIONS = YES;
				CLANG_ANALYZER_NONNULL = YES;
				CLANG_ANALYZER_NUMBER_OBJECT_CONVERSION = YES_AGGRESSIVE;
				CLANG_CXX_LANGUAGE_STANDARD = "gnu++20";
				CLANG_ENABLE_MODULES = YES;
				CLANG_ENABLE_OBJC_ARC = YES;
				CLANG_ENABLE_OBJC_WEAK = YES;
				CLANG_WARN_BLOCK_CAPTURE_AUTORELEASING = YES;
				CLANG_WARN_BOOL_CONVERSION = YES;
				CLANG_WARN_COMMA = YES;
				CLANG_WARN_CONSTANT_CONVERSION = YES;
				CLANG_WARN_DEPRECATED_OBJC_IMPLEMENTATIONS = YES;
				CLANG_WARN_DIRECT_OBJC_ISA_USAGE = YES_ERROR;
				CLANG_WARN_DOCUMENTATION_COMMENTS = YES;
				CLANG_WARN_EMPTY_BODY = YES;
				CLANG_WARN_ENUM_CONVERSION = YES;
				CLANG_WARN_INFINITE_RECURSION = YES;
				CLANG_WARN_INT_CONVERSION = YES;
				CLANG_WARN_NON_LITERAL_NULL_CONVERSION = YES;
				CLANG_WARN_OBJC_IMPLICIT_RETAIN_SELF = YES;
				CLANG_WARN_OBJC_LITERAL_CONVERSION = YES;
				CLANG_WARN_OBJC_ROOT_CLASS = YES_ERROR;
				CLANG_WARN_QUOTED_INCLUDE_IN_FRAMEWORK_HEADER = YES;
				CLANG_WARN_RANGE_LOOP_ANALYSIS = YES;
				CLANG_WARN_STRICT_PROTOTYPES = YES;
				CLANG_WARN_SUSPICIOUS_MOVE = YES;
				CLANG_WARN_UNGUARDED_AVAILABILITY = YES_AGGRESSIVE;
				CLANG_WARN_UNREACHABLE_CODE = YES;
				CLANG_WARN__DUPLICATE_METHOD_MATCH = YES;
				COPY_PHASE_STRIP = NO;
				DEBUG_INFORMATION_FORMAT = dwarf;
				ENABLE_STRICT_OBJC_MSGSEND = YES;
				ENABLE_TESTABILITY = YES;
				ENABLE_USER_SCRIPT_SANDBOXING = YES;
				GCC_C_LANGUAGE_STANDARD = gnu17;
				GCC_DYNAMIC_NO_PIC = NO;
				GCC_NO_COMMON_BLOCKS = YES;
				GCC_OPTIMIZATION_LEVEL = 0;
				GCC_PREPROCESSOR_DEFINITIONS = (
					"DEBUG=1",
					"$(inherited)",
				);
				GCC_WARN_64_TO_32_BIT_CONVERSION = YES;
				GCC_WARN_ABOUT_RETURN_TYPE = YES_ERROR;
				GCC_WARN_UNDECLARED_SELECTOR = YES;
				GCC_WARN_UNINITIALIZED_AUTOS = YES_AGGRESSIVE;
				GCC_WARN_UNUSED_FUNCTION = YES;
				GCC_WARN_UNUSED_VARIABLE = YES;
				IPHONEOS_DEPLOYMENT_TARGET = 18.5;
				LOCALIZATION_PREFERS_STRING_CATALOGS = YES;
				MTL_ENABLE_DEBUG_INFO = INCLUDE_SOURCE;
				MTL_FAST_MATH = YES;
				ONLY_ACTIVE_ARCH = YES;
				SDKROOT = iphoneos;
				SWIFT_ACTIVE_COMPILATION_CONDITIONS = "DEBUG $(inherited)";
				SWIFT_OPTIMIZATION_LEVEL = "-Onone";
			};
			name = Debug;
		};
		7203756F2E5ED7FD0001D935 /* Release */ = {
			isa = XCBuildConfiguration;
			buildSettings = {
				ALWAYS_SEARCH_USER_PATHS = NO;
				ASSETCATALOG_COMPILER_GENERATE_SWIFT_ASSET_SYMBOL_EXTENSIONS = YES;
				CLANG_ANALYZER_NONNULL = YES;
				CLANG_ANALYZER_NUMBER_OBJECT_CONVERSION = YES_AGGRESSIVE;
				CLANG_CXX_LANGUAGE_STANDARD = "gnu++20";
				CLANG_ENABLE_MODULES = YES;
				CLANG_ENABLE_OBJC_ARC = YES;
				CLANG_ENABLE_OBJC_WEAK = YES;
				CLANG_WARN_BLOCK_CAPTURE_AUTORELEASING = YES;
				CLANG_WARN_BOOL_CONVERSION = YES;
				CLANG_WARN_COMMA = YES;
				CLANG_WARN_CONSTANT_CONVERSION = YES;
				CLANG_WARN_DEPRECATED_OBJC_IMPLEMENTATIONS = YES;
				CLANG_WARN_DIRECT_OBJC_ISA_USAGE = YES_ERROR;
				CLANG_WARN_DOCUMENTATION_COMMENTS = YES;
				CLANG_WARN_EMPTY_BODY = YES;
				CLANG_WARN_ENUM_CONVERSION = YES;
				CLANG_WARN_INFINITE_RECURSION = YES;
				CLANG_WARN_INT_CONVERSION = YES;
				CLANG_WARN_NON_LITERAL_NULL_CONVERSION = YES;
				CLANG_WARN_OBJC_IMPLICIT_RETAIN_SELF = YES;
				CLANG_WARN_OBJC_LITERAL_CONVERSION = YES;
				CLANG_WARN_OBJC_ROOT_CLASS = YES_ERROR;
				CLANG_WARN_QUOTED_INCLUDE_IN_FRAMEWORK_HEADER = YES;
				CLANG_WARN_RANGE_LOOP_ANALYSIS = YES;
				CLANG_WARN_STRICT_PROTOTYPES = YES;
				CLANG_WARN_SUSPICIOUS_MOVE = YES;
				CLANG_WARN_UNGUARDED_AVAILABILITY = YES_AGGRESSIVE;
				CLANG_WARN_UNREACHABLE_CODE = YES;
				CLANG_WARN__DUPLICATE_METHOD_MATCH = YES;
				COPY_PHASE_STRIP = NO;
				DEBUG_INFORMATION_FORMAT = "dwarf-with-dsym";
				ENABLE_NS_ASSERTIONS = NO;
				ENABLE_STRICT_OBJC_MSGSEND = YES;
				ENABLE_USER_SCRIPT_SANDBOXING = YES;
				GCC_C_LANGUAGE_STANDARD = gnu17;
				GCC_NO_COMMON_BLOCKS = YES;
				GCC_WARN_64_TO_32_BIT_CONVERSION = YES;
				GCC_WARN_ABOUT_RETURN_TYPE = YES_ERROR;
				GCC_WARN_UNDECLARED_SELECTOR = YES;
				GCC_WARN_UNINITIALIZED_AUTOS = YES_AGGRESSIVE;
				GCC_WARN_UNUSED_FUNCTION = YES;
				GCC_WARN_UNUSED_VARIABLE = YES;
				IPHONEOS_DEPLOYMENT_TARGET = 18.5;
				LOCALIZATION_PREFERS_STRING_CATALOGS = YES;
				MTL_ENABLE_DEBUG_INFO = NO;
				MTL_FAST_MATH = YES;
				SDKROOT = iphoneos;
				SWIFT_COMPILATION_MODE = wholemodule;
				VALIDATE_PRODUCT = YES;
			};
			name = Release;
		};
		720375712E5ED7FD0001D935 /* Debug */ = {
			isa = XCBuildConfiguration;
			buildSettings = {
				ASSETCATALOG_COMPILER_APPICON_NAME = AppIcon;
				ASSETCATALOG_COMPILER_GLOBAL_ACCENT_COLOR_NAME = AccentColor;
				CODE_SIGN_STYLE = Automatic;
				CURRENT_PROJECT_VERSION = 1;
				ENABLE_PREVIEWS = YES;
				GENERATE_INFOPLIST_FILE = YES;
				INFOPLIST_KEY_UIApplicationSceneManifest_Generation = YES;
				INFOPLIST_KEY_UIApplicationSupportsIndirectInputEvents = YES;
				INFOPLIST_KEY_UILaunchScreen_Generation = YES;
				INFOPLIST_KEY_UISupportedInterfaceOrientations_iPad = "UIInterfaceOrientationPortrait UIInterfaceOrientationPortraitUpsideDown UIInterfaceOrientationLandscapeLeft UIInterfaceOrientationLandscapeRight";
				INFOPLIST_KEY_UISupportedInterfaceOrientations_iPhone = "UIInterfaceOrientationPortrait UIInterfaceOrientationLandscapeLeft UIInterfaceOrientationLandscapeRight";
				LD_RUNPATH_SEARCH_PATHS = (
					"$(inherited)",
					"@executable_path/Frameworks",
				);
				MARKETING_VERSION = 1.0;
				PRODUCT_BUNDLE_IDENTIFIER = test.MealKit;
				PRODUCT_NAME = "$(TARGET_NAME)";
				SWIFT_EMIT_LOC_STRINGS = YES;
				SWIFT_VERSION = 5.0;
				TARGETED_DEVICE_FAMILY = "1,2";
			};
			name = Debug;
		};
		720375722E5ED7FD0001D935 /* Release */ = {
			isa = XCBuildConfiguration;
			buildSettings = {
				ASSETCATALOG_COMPILER_APPICON_NAME = AppIcon;
				ASSETCATALOG_COMPILER_GLOBAL_ACCENT_COLOR_NAME = AccentColor;
				CODE_SIGN_STYLE = Automatic;
				CURRENT_PROJECT_VERSION = 1;
				ENABLE_PREVIEWS = YES;
				GENERATE_INFOPLIST_FILE = YES;
				INFOPLIST_KEY_UIApplicationSceneManifest_Generation = YES;
				INFOPLIST_KEY_UIApplicationSupportsIndirectInputEvents = YES;
				INFOPLIST_KEY_UILaunchScreen_Generation = YES;
				INFOPLIST_KEY_UISupportedInterfaceOrientations_iPad = "UIInterfaceOrientationPortrait UIInterfaceOrientationPortraitUpsideDown UIInterfaceOrientationLandscapeLeft UIInterfaceOrientationLandscapeRight";
				INFOPLIST_KEY_UISupportedInterfaceOrientations_iPhone = "UIInterfaceOrientationPortrait UIInterfaceOrientationLandscapeLeft UIInterfaceOrientationLandscapeRight";
				LD_RUNPATH_SEARCH_PATHS = (
					"$(inherited)",
					"@executable_path/Frameworks",
				);
				MARKETING_VERSION = 1.0;
				PRODUCT_BUNDLE_IDENTIFIER = test.MealKit;
				PRODUCT_NAME = "$(TARGET_NAME)";
				SWIFT_EMIT_LOC_STRINGS = YES;
				SWIFT_VERSION = 5.0;
				TARGETED_DEVICE_FAMILY = "1,2";
			};
			name = Release;
		};
		720375742E5ED7FD0001D935 /* Debug */ = {
			isa = XCBuildConfiguration;
			buildSettings = {
				BUNDLE_LOADER = "$(TEST_HOST)";
				CODE_SIGN_STYLE = Automatic;
				CURRENT_PROJECT_VERSION = 1;
				GENERATE_INFOPLIST_FILE = YES;
				IPHONEOS_DEPLOYMENT_TARGET = 18.5;
				MARKETING_VERSION = 1.0;
				PRODUCT_BUNDLE_IDENTIFIER = test.MealKitTests;
				PRODUCT_NAME = "$(TARGET_NAME)";
				SWIFT_EMIT_LOC_STRINGS = NO;
				SWIFT_VERSION = 5.0;
				TARGETED_DEVICE_FAMILY = "1,2";
				TEST_HOST = "$(BUILT_PRODUCTS_DIR)/MealKit.app/$(BUNDLE_EXECUTABLE_FOLDER_PATH)/MealKit";
			};
			name = Debug;
		};
		720375752E5ED7FD0001D935 /* Release */ = {
			isa = XCBuildConfiguration;
			buildSettings = {
				BUNDLE_LOADER = "$(TEST_HOST)";
				CODE_SIGN_STYLE = Automatic;
				CURRENT_PROJECT_VERSION = 1;
				GENERATE_INFOPLIST_FILE = YES;
				IPHONEOS_DEPLOYMENT_TARGET = 18.5;
				MARKETING_VERSION = 1.0;
				PRODUCT_BUNDLE_IDENTIFIER = test.MealKitTests;
				PRODUCT_NAME = "$(TARGET_NAME)";
				SWIFT_EMIT_LOC_STRINGS = NO;
				SWIFT_VERSION = 5.0;
				TARGETED_DEVICE_FAMILY = "1,2";
				TEST_HOST = "$(BUILT_PRODUCTS_DIR)/MealKit.app/$(BUNDLE_EXECUTABLE_FOLDER_PATH)/MealKit";
			};
			name = Release;
		};
		720375772E5ED7FD0001D935 /* Debug */ = {
			isa = XCBuildConfiguration;
			buildSettings = {
				CODE_SIGN_STYLE = Automatic;
				CURRENT_PROJECT_VERSION = 1;
				GENERATE_INFOPLIST_FILE = YES;
				MARKETING_VERSION = 1.0;
				PRODUCT_BUNDLE_IDENTIFIER = test.MealKitUITests;
				PRODUCT_NAME = "$(TARGET_NAME)";
				SWIFT_EMIT_LOC_STRINGS = NO;
				SWIFT_VERSION = 5.0;
				TARGETED_DEVICE_FAMILY = "1,2";
				TEST_TARGET_NAME = MealKit;
			};
			name = Debug;
		};
		720375782E5ED7FD0001D935 /* Release */ = {
			isa = XCBuildConfiguration;
			buildSettings = {
				CODE_SIGN_STYLE = Automatic;
				CURRENT_PROJECT_VERSION = 1;
				GENERATE_INFOPLIST_FILE = YES;
				MARKETING_VERSION = 1.0;
				PRODUCT_BUNDLE_IDENTIFIER = test.MealKitUITests;
				PRODUCT_NAME = "$(TARGET_NAME)";
				SWIFT_EMIT_LOC_STRINGS = NO;
				SWIFT_VERSION = 5.0;
				TARGETED_DEVICE_FAMILY = "1,2";
				TEST_TARGET_NAME = MealKit;
			};
			name = Release;
		};
/* End XCBuildConfiguration section */

/* Begin XCConfigurationList section */
		7203754A2E5ED7FC0001D935 /* Build configuration list for PBXProject "MealKit" */ = {
			isa = XCConfigurationList;
			buildConfigurations = (
				7203756E2E5ED7FD0001D935 /* Debug */,
				7203756F2E5ED7FD0001D935 /* Release */,
			);
			defaultConfigurationIsVisible = 0;
			defaultConfigurationName = Release;
		};
		720375702E5ED7FD0001D935 /* Build configuration list for PBXNativeTarget "MealKit" */ = {
			isa = XCConfigurationList;
			buildConfigurations = (
				720375712E5ED7FD0001D935 /* Debug */,
				720375722E5ED7FD0001D935 /* Release */,
			);
			defaultConfigurationIsVisible = 0;
			defaultConfigurationName = Release;
		};
		720375732E5ED7FD0001D935 /* Build configuration list for PBXNativeTarget "MealKitTests" */ = {
			isa = XCConfigurationList;
			buildConfigurations = (
				720375742E5ED7FD0001D935 /* Debug */,
				720375752E5ED7FD0001D935 /* Release */,
			);
			defaultConfigurationIsVisible = 0;
			defaultConfigurationName = Release;
		};
		720375762E5ED7FD0001D935 /* Build configuration list for PBXNativeTarget "MealKitUITests" */ = {
			isa = XCConfigurationList;
			buildConfigurations = (
				720375772E5ED7FD0001D935 /* Debug */,
				720375782E5ED7FD0001D935 /* Release */,
			);
			defaultConfigurationIsVisible = 0;
			defaultConfigurationName = Release;
		};
/* End XCConfigurationList section */
	};
	rootObject = 720375472E5ED7FC0001D935 /* Project object */;
}
